{
  "name": "ngx-location-viewer",
  "version": "2.4.0",
  "lockfileVersion": 1,
  "requires": true,
  "dependencies": {
    "@acpaas-ui/js-date-utils": {
      "version": "1.0.1",
      "resolved": "https://registry.npmjs.org/@acpaas-ui/js-date-utils/-/js-date-utils-1.0.1.tgz",
      "integrity": "sha512-qvQdsVzVb0cpDE9Jpe/D/7x80UV/QaTbMIY+dl9YOVFgr8MtdbgRInt9SzllvpMINHidA19hZwyrzYUxrcdx9g=="
    },
    "@acpaas-ui/js-notification-store": {
      "version": "1.0.1-alpha.5",
      "resolved": "https://registry.npmjs.org/@acpaas-ui/js-notification-store/-/js-notification-store-1.0.1-alpha.5.tgz",
      "integrity": "sha512-/uDygUDzFV8HvemjrTfwQTOTAeIWWx7NJZWgLDkgTLYsq6EbMbf8vqY8Xx+9s0yb2cIMRXqTnB0l5bJAwRging=="
    },
    "@acpaas-ui/ngx-components": {
      "version": "3.3.0",
      "resolved": "https://registry.npmjs.org/@acpaas-ui/ngx-components/-/ngx-components-3.3.0.tgz",
      "integrity": "sha512-LOxs6x85n8PHQqM1B9JMd4KWX/CbA74A6SVx22x5gVa06fAGLj7HBOg1RLcONADBlybM3OOy39eFmYVBUGboRg==",
      "requires": {
        "@acpaas-ui/js-date-utils": "1.0.1",
        "@acpaas-ui/js-notification-store": "1.0.1-alpha.5",
        "angular2-highlight-js": "~5.0.2",
        "cookieconsent": "~3.1.1",
        "esri-leaflet": "^2.1.4",
        "hammerjs": "~2.0.8",
        "inputmask": "~3.3.11",
        "leaflet": "^1.3.1",
        "leaflet-draw": "^1.0.2",
        "lodash-es": "~4.17.10",
        "marked": "~0.7.0",
        "ng2-ckeditor": "~1.2.0",
        "short-unique-id": "1.1.1"
      }
    },
    "@terraformer/arcgis": {
      "version": "2.0.7",
      "resolved": "https://registry.npmjs.org/@terraformer/arcgis/-/arcgis-2.0.7.tgz",
      "integrity": "sha512-7jIQcnd8RnKsDt1IxmEjq9t7l5fnf0e5c+c1+1GjG4NR+TY0XkJcWtrBv0DWd65uAlDiQYMlEG8ls5dz1GQiuA==",
      "requires": {
        "@terraformer/common": "^2.0.7"
      }
    },
    "@terraformer/common": {
      "version": "2.0.7",
      "resolved": "https://registry.npmjs.org/@terraformer/common/-/common-2.0.7.tgz",
      "integrity": "sha512-8bl+/JT0Rw6FYe2H3FfJS8uQwgzGl+UHs+8JX0TQLHgA4sMDEwObbMwo0iP3FVONwPXrPHEpC5YH7Grve0cl9A=="
    },
    "angular2-highlight-js": {
      "version": "5.0.2",
      "resolved": "https://registry.npmjs.org/angular2-highlight-js/-/angular2-highlight-js-5.0.2.tgz",
      "integrity": "sha512-gDbRbVlIwEIGWM/7Y3jvYcvAQYc2AWQgFUGSlp+048yDoti5neE3AXTSRacSahGcSfjeuI/qaUleqcjcdFyDeA=="
    },
    "cookieconsent": {
      "version": "3.1.1",
      "resolved": "https://registry.npmjs.org/cookieconsent/-/cookieconsent-3.1.1.tgz",
      "integrity": "sha512-v8JWLJcI7Zs9NWrs8hiVldVtm3EBF70TJI231vxn6YToBGj0c9dvdnYwltydkAnrbBMOM/qX1xLFrnTfm5wTag=="
    },
    "esri-leaflet": {
      "version": "2.5.1",
      "resolved": "https://registry.npmjs.org/esri-leaflet/-/esri-leaflet-2.5.1.tgz",
      "integrity": "sha512-AW20oUuH4Co5qv+4rRtueHLczeqgYnJblv1KY1PLQgJrzeusT9ZgDXPi/esMeb3yN2PC2JL5BZIhlfzRegVDXA==",
      "requires": {
        "@terraformer/arcgis": "^2.0.7",
        "tiny-binary-search": "^1.0.3"
      }
    },
    "hammerjs": {
      "version": "2.0.8",
      "resolved": "https://registry.npmjs.org/hammerjs/-/hammerjs-2.0.8.tgz",
      "integrity": "sha1-BO93hiz/K7edMPdpIJWTAiK/YPE="
    },
    "inputmask": {
      "version": "3.3.11",
      "resolved": "https://registry.npmjs.org/inputmask/-/inputmask-3.3.11.tgz",
      "integrity": "sha1-FCHJSuKMPc0bTSYze1CLs0mY4tg="
    },
    "leaflet": {
      "version": "1.7.1",
      "resolved": "https://registry.npmjs.org/leaflet/-/leaflet-1.7.1.tgz",
      "integrity": "sha512-/xwPEBidtg69Q3HlqPdU3DnrXQOvQU/CCHA1tcDQVzOwm91YMYaILjNp7L4Eaw5Z4sOYdbBz6koWyibppd8Zqw=="
    },
    "leaflet-draw": {
      "version": "1.0.4",
      "resolved": "https://registry.npmjs.org/leaflet-draw/-/leaflet-draw-1.0.4.tgz",
      "integrity": "sha512-rsQ6saQO5ST5Aj6XRFylr5zvarWgzWnrg46zQ1MEOEIHsppdC/8hnN8qMoFvACsPvTioAuysya/TVtog15tyAQ=="
    },
    "lodash-es": {
      "version": "4.17.15",
      "resolved": "https://registry.npmjs.org/lodash-es/-/lodash-es-4.17.15.tgz",
      "integrity": "sha512-rlrc3yU3+JNOpZ9zj5pQtxnx2THmvRykwL4Xlxoa8I9lHBlVbbyPhgyPMioxVZ4NqyxaVVtaJnzsyOidQIhyyQ=="
    },
    "marked": {
      "version": "0.7.0",
      "resolved": "https://registry.npmjs.org/marked/-/marked-0.7.0.tgz",
      "integrity": "sha512-c+yYdCZJQrsRjTPhUx7VKkApw9bwDkNbHUKo1ovgcfDjb2kc8rLuRbIFyXL5WOEUwzSSKo3IXpph2K6DqB/KZg=="
    },
    "ng2-ckeditor": {
      "version": "1.2.9",
      "resolved": "https://registry.npmjs.org/ng2-ckeditor/-/ng2-ckeditor-1.2.9.tgz",
      "integrity": "sha512-Olsq3fWc7eG8BsVDgCW9NZFuUfay1VJ9c2QlzLbtXoxilwRhtHJsPxuAjE9DjxhQWgYa0TSgosk43JKkBqT2lQ==",
      "requires": {
        "tslib": "^2.0.0"
      }
    },
    "short-unique-id": {
      "version": "1.1.1",
      "resolved": "https://registry.npmjs.org/short-unique-id/-/short-unique-id-1.1.1.tgz",
      "integrity": "sha512-gyWJ4pknxpCx0WlUIdCIwHiQ/4sCy0i0YpDOniXP/TboMMRs6rkg6PPKR2nmNfZ9VYeAIm0x9qz/QmJysd9jNg=="
    },
    "tiny-binary-search": {
      "version": "1.0.3",
      "resolved": "https://registry.npmjs.org/tiny-binary-search/-/tiny-binary-search-1.0.3.tgz",
      "integrity": "sha512-STSHX/L5nI9WTLv6wrzJbAPbO7OIISX83KFBh2GVbX1Uz/vgZOU/ANn/8iV6t35yMTpoPzzO+3OQid3mifE0CA=="
    },
    "tslib": {
      "version": "2.0.3",
      "resolved": "https://registry.npmjs.org/tslib/-/tslib-2.0.3.tgz",
      "integrity": "sha512-uZtkfKblCEQtZKBF6EBXVZeQNl82yqtDQdv+eck8u7tdPxjLu2/lp5/uPW+um2tpuxINHWy3GhiccY7QgEaVHQ=="
    }
  }
}
